
Microsoft Visual Studio Solution File, Format Version 12.00
# Visual Studio Version 16
VisualStudioVersion = 16.0.30503.244
MinimumVisualStudioVersion = 10.0.40219.1
Project("{FAE04EC0-301F-11D3-BF4B-00C04F79EFBC}") = "StacksAndQueuesProject", "StacksAndQueuesProject.csproj", "{B744D315-5BE9-4812-BF8A-E9B294388E6E}"
EndProject
Global
	GlobalSection(SolutionConfigurationPlatforms) = preSolution
		Debug|Any CPU = Debug|Any CPU
		Release|Any CPU = Release|Any CPU
	EndGlobalSection
	GlobalSection(ProjectConfigurationPlatforms) = postSolution
		{B744D315-5BE9-4812-BF8A-E9B294388E6E}.Debug|Any CPU.ActiveCfg = Debug|Any CPU
		{B744D315-5BE9-4812-BF8A-E9B294388E6E}.Debug|Any CPU.Build.0 = Debug|Any CPU
		{B744D315-5BE9-4812-BF8A-E9B294388E6E}.Release|Any CPU.ActiveCfg = Release|Any CPU
		{B744D315-5BE9-4812-BF8A-E9B294388E6E}.Release|Any CPU.Build.0 = Release|Any CPU
	EndGlobalSection
	GlobalSection(SolutionProperties) = preSolution
		HideSolutionNode = FALSE
	EndGlobalSection
	GlobalSection(ExtensibilityGlobals) = postSolution
		SolutionGuid = {4046DE80-468F-4FE6-8153-2E11FFC1A46C}
	EndGlobalSection
EndGlobal
